// !$*UTF8*$!
{
	archiveVersion = 1;
	classes = {
	};
	objectVersion = 77;
	objects = {

/* Begin PBXBuildFile section */
		48CF62EB2E0FCC0200462155 /* FirebaseAuth in Frameworks */ = {isa = PBXBuildFile; productRef = 48CF62EA2E0FCC0200462155 /* FirebaseAuth */; };
		48CF62ED2E0FCC0200462155 /* FirebaseCore in Frameworks */ = {isa = PBXBuildFile; productRef = 48CF62EC2E0FCC0200462155 /* FirebaseCore */; };
		48CF62EF2E0FCC0200462155 /* FirebaseDatabase in Frameworks */ = {isa = PBXBuildFile; productRef = 48CF62EE2E0FCC0200462155 /* FirebaseDatabase */; };
		48CF62F12E0FCC0200462155 /* FirebaseFirestore in Frameworks */ = {isa = PBXBuildFile; productRef = 48CF62F02E0FCC0200462155 /* FirebaseFirestore */; };
		48CF62F32E0FCC0200462155 /* FirebaseStorage in Frameworks */ = {isa = PBXBuildFile; productRef = 48CF62F22E0FCC0200462155 /* FirebaseStorage */; };
/* End PBXBuildFile section */

/* Begin PBXContainerItemProxy section */
		48CF62CB2E0FCB7600462155 /* PBXContainerItemProxy */ = {
			isa = PBXContainerItemProxy;
			containerPortal = 48CF62B22E0FCB7500462155 /* Project object */;
			proxyType = 1;
			remoteGlobalIDString = 48CF62B92E0FCB7500462155;
			remoteInfo = DatingApp;
		};
		48CF62D52E0FCB7600462155 /* PBXContainerItemProxy */ = {
			isa = PBXContainerItemProxy;
			containerPortal = 48CF62B22E0FCB7500462155 /* Project object */;
			proxyType = 1;
			remoteGlobalIDString = 48CF62B92E0FCB7500462155;
			remoteInfo = DatingApp;
		};
/* End PBXContainerItemProxy section */

/* Begin PBXFileReference section */
		48CF62BA2E0FCB7500462155 /* DatingApp.app */ = {isa = PBXFileReference; explicitFileType = wrapper.application; includeInIndex = 0; path = DatingApp.app; sourceTree = BUILT_PRODUCTS_DIR; };
		48CF62CA2E0FCB7600462155 /* DatingAppTests.xctest */ = {isa = PBXFileReference; explicitFileType = wrapper.cfbundle; includeInIndex = 0; path = DatingAppTests.xctest; sourceTree = BUILT_PRODUCTS_DIR; };
		48CF62D42E0FCB7600462155 /* DatingAppUITests.xctest */ = {isa = PBXFileReference; explicitFileType = wrapper.cfbundle; includeInIndex = 0; path = DatingAppUITests.xctest; sourceTree = BUILT_PRODUCTS_DIR; };
/* End PBXFileReference section */

/* Begin PBXFileSystemSynchronizedRootGroup section */
		48CF62BC2E0FCB7500462155 /* DatingApp */ = {
			isa = PBXFileSystemSynchronizedRootGroup;
			path = DatingApp;
			sourceTree = "<group>";
		};
		48CF62CD2E0FCB7600462155 /* DatingAppTests */ = {
			isa = PBXFileSystemSynchronizedRootGroup;
			path = DatingAppTests;
			sourceTree = "<group>";
		};
		48CF62D72E0FCB7600462155 /* DatingAppUITests */ = {
			isa = PBXFileSystemSynchronizedRootGroup;
			path = DatingAppUITests;
			sourceTree = "<group>";
		};
/* End PBXFileSystemSynchronizedRootGroup section */

/* Begin PBXFrameworksBuildPhase section */
		48CF62B72E0FCB7500462155 /* Frameworks */ = {
			isa = PBXFrameworksBuildPhase;
			buildActionMask = 2147483647;
			files = (
				48CF62EF2E0FCC0200462155 /* FirebaseDatabase in Frameworks */,
				48CF62F12E0FCC0200462155 /* FirebaseFirestore in Frameworks */,
				48CF62ED2E0FCC0200462155 /* FirebaseCore in Frameworks */,
				48CF62F32E0FCC0200462155 /* FirebaseStorage in Frameworks */,
				48CF62EB2E0FCC0200462155 /* FirebaseAuth in Frameworks */,
			);
			runOnlyForDeploymentPostprocessing = 0;
		};
		48CF62C72E0FCB7600462155 /* Frameworks */ = {
			isa = PBXFrameworksBuildPhase;
			buildActionMask = 2147483647;
			files = (
			);
			runOnlyForDeploymentPostprocessing = 0;
		};
		48CF62D12E0FCB7600462155 /* Frameworks */ = {
			isa = PBXFrameworksBuildPhase;
			buildActionMask = 2147483647;
			files = (
			);
			runOnlyForDeploymentPostprocessing = 0;
		};
/* End PBXFrameworksBuildPhase section */

/* Begin PBXGroup section */
		48CF62B12E0FCB7500462155 = {
			isa = PBXGroup;
			children = (
				48CF62BC2E0FCB7500462155 /* DatingApp */,
				48CF62CD2E0FCB7600462155 /* DatingAppTests */,
				48CF62D72E0FCB7600462155 /* DatingAppUITests */,
				48CF62BB2E0FCB7500462155 /* Products */,
			);
			sourceTree = "<group>";
		};
		48CF62BB2E0FCB7500462155 /* Products */ = {
			isa = PBXGroup;
			children = (
				48CF62BA2E0FCB7500462155 /* DatingApp.app */,
				48CF62CA2E0FCB7600462155 /* DatingAppTests.xctest */,
				48CF62D42E0FCB7600462155 /* DatingAppUITests.xctest */,
			);
			name = Products;
			sourceTree = "<group>";
		};
/* End PBXGroup section */

/* Begin PBXNativeTarget section */
		48CF62B92E0FCB7500462155 /* DatingApp */ = {
			isa = PBXNativeTarget;
			buildConfigurationList = 48CF62DE2E0FCB7600462155 /* Build configuration list for PBXNativeTarget "DatingApp" */;
			buildPhases = (
				48CF62B62E0FCB7500462155 /* Sources */,
				48CF62B72E0FCB7500462155 /* Frameworks */,
				48CF62B82E0FCB7500462155 /* Resources */,
			);
			buildRules = (
			);
			dependencies = (
			);
			fileSystemSynchronizedGroups = (
				48CF62BC2E0FCB7500462155 /* DatingApp */,
			);
			name = DatingApp;
			packageProductDependencies = (
				48CF62EA2E0FCC0200462155 /* FirebaseAuth */,
				48CF62EC2E0FCC0200462155 /* FirebaseCore */,
				48CF62EE2E0FCC0200462155 /* FirebaseDatabase */,
				48CF62F02E0FCC0200462155 /* FirebaseFirestore */,
				48CF62F22E0FCC0200462155 /* FirebaseStorage */,
			);
			productName = DatingApp;
			productReference = 48CF62BA2E0FCB7500462155 /* DatingApp.app */;
			productType = "com.apple.product-type.application";
		};
		48CF62C92E0FCB7600462155 /* DatingAppTests */ = {
			isa = PBXNativeTarget;
			buildConfigurationList = 48CF62E12E0FCB7600462155 /* Build configuration list for PBXNativeTarget "DatingAppTests" */;
			buildPhases = (
				48CF62C62E0FCB7600462155 /* Sources */,
				48CF62C72E0FCB7600462155 /* Frameworks */,
				48CF62C82E0FCB7600462155 /* Resources */,
			);
			buildRules = (
			);
			dependencies = (
				48CF62CC2E0FCB7600462155 /* PBXTargetDependency */,
			);
			fileSystemSynchronizedGroups = (
				48CF62CD2E0FCB7600462155 /* DatingAppTests */,
			);
			name = DatingAppTests;
			packageProductDependencies = (
			);
			productName = DatingAppTests;
			productReference = 48CF62CA2E0FCB7600462155 /* DatingAppTests.xctest */;
			productType = "com.apple.product-type.bundle.unit-test";
		};
		48CF62D32E0FCB7600462155 /* DatingAppUITests */ = {
			isa = PBXNativeTarget;
			buildConfigurationList = 48CF62E42E0FCB7600462155 /* Build configuration list for PBXNativeTarget "DatingAppUITests" */;
			buildPhases = (
				48CF62D02E0FCB7600462155 /* Sources */,
				48CF62D12E0FCB7600462155 /* Frameworks */,
				48CF62D22E0FCB7600462155 /* Resources */,
			);
			buildRules = (
			);
			dependencies = (
				48CF62D62E0FCB7600462155 /* PBXTargetDependency */,
			);
			fileSystemSynchronizedGroups = (
				48CF62D72E0FCB7600462155 /* DatingAppUITests */,
			);
			name = DatingAppUITests;
			packageProductDependencies = (
			);
			productName = DatingAppUITests;
			productReference = 48CF62D42E0FCB7600462155 /* DatingAppUITests.xctest */;
			productType = "com.apple.product-type.bundle.ui-testing";
		};
/* End PBXNativeTarget section */

/* Begin PBXProject section */
		48CF62B22E0FCB7500462155 /* Project object */ = {
			isa = PBXProject;
			attributes = {
				BuildIndependentTargetsInParallel = 1;
				LastSwiftUpdateCheck = 1620;
				LastUpgradeCheck = 1620;
				TargetAttributes = {
					48CF62B92E0FCB7500462155 = {
						CreatedOnToolsVersion = 16.2;
					};
					48CF62C92E0FCB7600462155 = {
						CreatedOnToolsVersion = 16.2;
						TestTargetID = 48CF62B92E0FCB7500462155;
					};
					48CF62D32E0FCB7600462155 = {
						CreatedOnToolsVersion = 16.2;
						TestTargetID = 48CF62B92E0FCB7500462155;
					};
				};
			};
			buildConfigurationList = 48CF62B52E0FCB7500462155 /* Build configuration list for PBXProject "DatingApp" */;
			developmentRegion = en;
			hasScannedForEncodings = 0;
			knownRegions = (
				en,
				Base,
			);
			mainGroup = 48CF62B12E0FCB7500462155;
			minimizedProjectReferenceProxies = 1;
			packageReferences = (
				48CF62E92E0FCBE200462155 /* XCRemoteSwiftPackageReference "firebase-ios-sdk" */,
			);
			preferredProjectObjectVersion = 77;
			productRefGroup = 48CF62BB2E0FCB7500462155 /* Products */;
			projectDirPath = "";
			projectRoot = "";
			targets = (
				48CF62B92E0FCB7500462155 /* DatingApp */,
				48CF62C92E0FCB7600462155 /* DatingAppTests */,
				48CF62D32E0FCB7600462155 /* DatingAppUITests */,
			);
		};
/* End PBXProject section */

/* Begin PBXResourcesBuildPhase section */
		48CF62B82E0FCB7500462155 /* Resources */ = {
			isa = PBXResourcesBuildPhase;
			buildActionMask = 2147483647;
			files = (
			);
			runOnlyForDeploymentPostprocessing = 0;
		};
		48CF62C82E0FCB7600462155 /* Resources */ = {
			isa = PBXResourcesBuildPhase;
			buildActionMask = 2147483647;
			files = (
			);
			runOnlyForDeploymentPostprocessing = 0;
		};
		48CF62D22E0FCB7600462155 /* Resources */ = {
			isa = PBXResourcesBuildPhase;
			buildActionMask = 2147483647;
			files = (
			);
			runOnlyForDeploymentPostprocessing = 0;
		};
/* End PBXResourcesBuildPhase section */

/* Begin PBXSourcesBuildPhase section */
		48CF62B62E0FCB7500462155 /* Sources */ = {
			isa = PBXSourcesBuildPhase;
			buildActionMask = 2147483647;
			files = (
			);
			runOnlyForDeploymentPostprocessing = 0;
		};
		48CF62C62E0FCB7600462155 /* Sources */ = {
			isa = PBXSourcesBuildPhase;
			buildActionMask = 2147483647;
			files = (
			);
			runOnlyForDeploymentPostprocessing = 0;
		};
		48CF62D02E0FCB7600462155 /* Sources */ = {
			isa = PBXSourcesBuildPhase;
			buildActionMask = 2147483647;
			files = (
			);
			runOnlyForDeploymentPostprocessing = 0;
		};
/* End PBXSourcesBuildPhase section */

/* Begin PBXTargetDependency section */
		48CF62CC2E0FCB7600462155 /* PBXTargetDependency */ = {
			isa = PBXTargetDependency;
			target = 48CF62B92E0FCB7500462155 /* DatingApp */;
			targetProxy = 48CF62CB2E0FCB7600462155 /* PBXContainerItemProxy */;
		};
		48CF62D62E0FCB7600462155 /* PBXTargetDependency */ = {
			isa = PBXTargetDependency;
			target = 48CF62B92E0FCB7500462155 /* DatingApp */;
			targetProxy = 48CF62D52E0FCB7600462155 /* PBXContainerItemProxy */;
		};
/* End PBXTargetDependency section */

/* Begin XCBuildConfiguration section */
		48CF62DC2E0FCB7600462155 /* Debug */ = {
			isa = XCBuildConfiguration;
			buildSettings = {
				ALWAYS_SEARCH_USER_PATHS = NO;
				ASSETCATALOG_COMPILER_GENERATE_SWIFT_ASSET_SYMBOL_EXTENSIONS = YES;
				CLANG_ANALYZER_NONNULL = YES;
				CLANG_ANALYZER_NUMBER_OBJECT_CONVERSION = YES_AGGRESSIVE;
				CLANG_CXX_LANGUAGE_STANDARD = "gnu++20";
				CLANG_ENABLE_MODULES = YES;
				CLANG_ENABLE_OBJC_ARC = YES;
				CLANG_ENABLE_OBJC_WEAK = YES;
				CLANG_WARN_BLOCK_CAPTURE_AUTORELEASING = YES;
				CLANG_WARN_BOOL_CONVERSION = YES;
				CLANG_WARN_COMMA = YES;
				CLANG_WARN_CONSTANT_CONVERSION = YES;
				CLANG_WARN_DEPRECATED_OBJC_IMPLEMENTATIONS = YES;
				CLANG_WARN_DIRECT_OBJC_ISA_USAGE = YES_ERROR;
				CLANG_WARN_DOCUMENTATION_COMMENTS = YES;
				CLANG_WARN_EMPTY_BODY = YES;
				CLANG_WARN_ENUM_CONVERSION = YES;
				CLANG_WARN_INFINITE_RECURSION = YES;
				CLANG_WARN_INT_CONVERSION = YES;
				CLANG_WARN_NON_LITERAL_NULL_CONVERSION = YES;
				CLANG_WARN_OBJC_IMPLICIT_RETAIN_SELF = YES;
				CLANG_WARN_OBJC_LITERAL_CONVERSION = YES;
				CLANG_WARN_OBJC_ROOT_CLASS = YES_ERROR;
				CLANG_WARN_QUOTED_INCLUDE_IN_FRAMEWORK_HEADER = YES;
				CLANG_WARN_RANGE_LOOP_ANALYSIS = YES;
				CLANG_WARN_STRICT_PROTOTYPES = YES;
				CLANG_WARN_SUSPICIOUS_MOVE = YES;
				CLANG_WARN_UNGUARDED_AVAILABILITY = YES_AGGRESSIVE;
				CLANG_WARN_UNREACHABLE_CODE = YES;
				CLANG_WARN__DUPLICATE_METHOD_MATCH = YES;
				COPY_PHASE_STRIP = NO;
				DEBUG_INFORMATION_FORMAT = dwarf;
				ENABLE_STRICT_OBJC_MSGSEND = YES;
				ENABLE_TESTABILITY = YES;
				ENABLE_USER_SCRIPT_SANDBOXING = YES;
				GCC_C_LANGUAGE_STANDARD = gnu17;
				GCC_DYNAMIC_NO_PIC = NO;
				GCC_NO_COMMON_BLOCKS = YES;
				GCC_OPTIMIZATION_LEVEL = 0;
				GCC_PREPROCESSOR_DEFINITIONS = (
					"DEBUG=1",
					"$(inherited)",
				);
				GCC_WARN_64_TO_32_BIT_CONVERSION = YES;
				GCC_WARN_ABOUT_RETURN_TYPE = YES_ERROR;
				GCC_WARN_UNDECLARED_SELECTOR = YES;
				GCC_WARN_UNINITIALIZED_AUTOS = YES_AGGRESSIVE;
				GCC_WARN_UNUSED_FUNCTION = YES;
				GCC_WARN_UNUSED_VARIABLE = YES;
				IPHONEOS_DEPLOYMENT_TARGET = 18.2;
				LOCALIZATION_PREFERS_STRING_CATALOGS = YES;
				MTL_ENABLE_DEBUG_INFO = INCLUDE_SOURCE;
				MTL_FAST_MATH = YES;
				ONLY_ACTIVE_ARCH = YES;
				SDKROOT = iphoneos;
				SWIFT_ACTIVE_COMPILATION_CONDITIONS = "DEBUG $(inherited)";
				SWIFT_OPTIMIZATION_LEVEL = "-Onone";
			};
			name = Debug;
		};
		48CF62DD2E0FCB7600462155 /* Release */ = {
			isa = XCBuildConfiguration;
			buildSettings = {
				ALWAYS_SEARCH_USER_PATHS = NO;
				ASSETCATALOG_COMPILER_GENERATE_SWIFT_ASSET_SYMBOL_EXTENSIONS = YES;
				CLANG_ANALYZER_NONNULL = YES;
				CLANG_ANALYZER_NUMBER_OBJECT_CONVERSION = YES_AGGRESSIVE;
				CLANG_CXX_LANGUAGE_STANDARD = "gnu++20";
				CLANG_ENABLE_MODULES = YES;
				CLANG_ENABLE_OBJC_ARC = YES;
				CLANG_ENABLE_OBJC_WEAK = YES;
				CLANG_WARN_BLOCK_CAPTURE_AUTORELEASING = YES;
				CLANG_WARN_BOOL_CONVERSION = YES;
				CLANG_WARN_COMMA = YES;
				CLANG_WARN_CONSTANT_CONVERSION = YES;
				CLANG_WARN_DEPRECATED_OBJC_IMPLEMENTATIONS = YES;
				CLANG_WARN_DIRECT_OBJC_ISA_USAGE = YES_ERROR;
				CLANG_WARN_DOCUMENTATION_COMMENTS = YES;
				CLANG_WARN_EMPTY_BODY = YES;
				CLANG_WARN_ENUM_CONVERSION = YES;
				CLANG_WARN_INFINITE_RECURSION = YES;
				CLANG_WARN_INT_CONVERSION = YES;
				CLANG_WARN_NON_LITERAL_NULL_CONVERSION = YES;
				CLANG_WARN_OBJC_IMPLICIT_RETAIN_SELF = YES;
				CLANG_WARN_OBJC_LITERAL_CONVERSION = YES;
				CLANG_WARN_OBJC_ROOT_CLASS = YES_ERROR;
				CLANG_WARN_QUOTED_INCLUDE_IN_FRAMEWORK_HEADER = YES;
				CLANG_WARN_RANGE_LOOP_ANALYSIS = YES;
				CLANG_WARN_STRICT_PROTOTYPES = YES;
				CLANG_WARN_SUSPICIOUS_MOVE = YES;
				CLANG_WARN_UNGUARDED_AVAILABILITY = YES_AGGRESSIVE;
				CLANG_WARN_UNREACHABLE_CODE = YES;
				CLANG_WARN__DUPLICATE_METHOD_MATCH = YES;
				COPY_PHASE_STRIP = NO;
				DEBUG_INFORMATION_FORMAT = "dwarf-with-dsym";
				ENABLE_NS_ASSERTIONS = NO;
				ENABLE_STRICT_OBJC_MSGSEND = YES;
				ENABLE_USER_SCRIPT_SANDBOXING = YES;
				GCC_C_LANGUAGE_STANDARD = gnu17;
				GCC_NO_COMMON_BLOCKS = YES;
				GCC_WARN_64_TO_32_BIT_CONVERSION = YES;
				GCC_WARN_ABOUT_RETURN_TYPE = YES_ERROR;
				GCC_WARN_UNDECLARED_SELECTOR = YES;
				GCC_WARN_UNINITIALIZED_AUTOS = YES_AGGRESSIVE;
				GCC_WARN_UNUSED_FUNCTION = YES;
				GCC_WARN_UNUSED_VARIABLE = YES;
				IPHONEOS_DEPLOYMENT_TARGET = 18.2;
				LOCALIZATION_PREFERS_STRING_CATALOGS = YES;
				MTL_ENABLE_DEBUG_INFO = NO;
				MTL_FAST_MATH = YES;
				SDKROOT = iphoneos;
				SWIFT_COMPILATION_MODE = wholemodule;
				VALIDATE_PRODUCT = YES;
			};
			name = Release;
		};
		48CF62DF2E0FCB7600462155 /* Debug */ = {
			isa = XCBuildConfiguration;
			buildSettings = {
				ASSETCATALOG_COMPILER_APPICON_NAME = AppIcon;
				ASSETCATALOG_COMPILER_GLOBAL_ACCENT_COLOR_NAME = AccentColor;
				CODE_SIGN_STYLE = Automatic;
				CURRENT_PROJECT_VERSION = 1;
				DEVELOPMENT_ASSET_PATHS = "\"DatingApp/Preview Content\"";
				ENABLE_PREVIEWS = YES;
				GENERATE_INFOPLIST_FILE = YES;
				INFOPLIST_KEY_UIApplicationSceneManifest_Generation = YES;
				INFOPLIST_KEY_UIApplicationSupportsIndirectInputEvents = YES;
				INFOPLIST_KEY_UILaunchScreen_Generation = YES;
				INFOPLIST_KEY_UISupportedInterfaceOrientations_iPad = "UIInterfaceOrientationPortrait UIInterfaceOrientationPortraitUpsideDown UIInterfaceOrientationLandscapeLeft UIInterfaceOrientationLandscapeRight";
				INFOPLIST_KEY_UISupportedInterfaceOrientations_iPhone = "UIInterfaceOrientationPortrait UIInterfaceOrientationLandscapeLeft UIInterfaceOrientationLandscapeRight";
				LD_RUNPATH_SEARCH_PATHS = (
					"$(inherited)",
					"@executable_path/Frameworks",
				);
				MARKETING_VERSION = 1.0;
				PRODUCT_BUNDLE_IDENTIFIER = com.aditya.DatingApp;
				PRODUCT_NAME = "$(TARGET_NAME)";
				SWIFT_EMIT_LOC_STRINGS = YES;
				SWIFT_VERSION = 5.0;
				TARGETED_DEVICE_FAMILY = "1,2";
			};
			name = Debug;
		};
		48CF62E02E0FCB7600462155 /* Release */ = {
			isa = XCBuildConfiguration;
			buildSettings = {
				ASSETCATALOG_COMPILER_APPICON_NAME = AppIcon;
				ASSETCATALOG_COMPILER_GLOBAL_ACCENT_COLOR_NAME = AccentColor;
				CODE_SIGN_STYLE = Automatic;
				CURRENT_PROJECT_VERSION = 1;
				DEVELOPMENT_ASSET_PATHS = "\"DatingApp/Preview Content\"";
				ENABLE_PREVIEWS = YES;
				GENERATE_INFOPLIST_FILE = YES;
				INFOPLIST_KEY_UIApplicationSceneManifest_Generation = YES;
				INFOPLIST_KEY_UIApplicationSupportsIndirectInputEvents = YES;
				INFOPLIST_KEY_UILaunchScreen_Generation = YES;
				INFOPLIST_KEY_UISupportedInterfaceOrientations_iPad = "UIInterfaceOrientationPortrait UIInterfaceOrientationPortraitUpsideDown UIInterfaceOrientationLandscapeLeft UIInterfaceOrientationLandscapeRight";
				INFOPLIST_KEY_UISupportedInterfaceOrientations_iPhone = "UIInterfaceOrientationPortrait UIInterfaceOrientationLandscapeLeft UIInterfaceOrientationLandscapeRight";
				LD_RUNPATH_SEARCH_PATHS = (
					"$(inherited)",
					"@executable_path/Frameworks",
				);
				MARKETING_VERSION = 1.0;
				PRODUCT_BUNDLE_IDENTIFIER = com.aditya.DatingApp;
				PRODUCT_NAME = "$(TARGET_NAME)";
				SWIFT_EMIT_LOC_STRINGS = YES;
				SWIFT_VERSION = 5.0;
				TARGETED_DEVICE_FAMILY = "1,2";
			};
			name = Release;
		};
		48CF62E22E0FCB7600462155 /* Debug */ = {
			isa = XCBuildConfiguration;
			buildSettings = {
				BUNDLE_LOADER = "$(TEST_HOST)";
				CODE_SIGN_STYLE = Automatic;
				CURRENT_PROJECT_VERSION = 1;
				GENERATE_INFOPLIST_FILE = YES;
				IPHONEOS_DEPLOYMENT_TARGET = 18.2;
				MARKETING_VERSION = 1.0;
				PRODUCT_BUNDLE_IDENTIFIER = com.aditya.DatingAppTests;
				PRODUCT_NAME = "$(TARGET_NAME)";
				SWIFT_EMIT_LOC_STRINGS = NO;
				SWIFT_VERSION = 5.0;
				TARGETED_DEVICE_FAMILY = "1,2";
				TEST_HOST = "$(BUILT_PRODUCTS_DIR)/DatingApp.app/$(BUNDLE_EXECUTABLE_FOLDER_PATH)/DatingApp";
			};
			name = Debug;
		};
		48CF62E32E0FCB7600462155 /* Release */ = {
			isa = XCBuildConfiguration;
			buildSettings = {
				BUNDLE_LOADER = "$(TEST_HOST)";
				CODE_SIGN_STYLE = Automatic;
				CURRENT_PROJECT_VERSION = 1;
				GENERATE_INFOPLIST_FILE = YES;
				IPHONEOS_DEPLOYMENT_TARGET = 18.2;
				MARKETING_VERSION = 1.0;
				PRODUCT_BUNDLE_IDENTIFIER = com.aditya.DatingAppTests;
				PRODUCT_NAME = "$(TARGET_NAME)";
				SWIFT_EMIT_LOC_STRINGS = NO;
				SWIFT_VERSION = 5.0;
				TARGETED_DEVICE_FAMILY = "1,2";
				TEST_HOST = "$(BUILT_PRODUCTS_DIR)/DatingApp.app/$(BUNDLE_EXECUTABLE_FOLDER_PATH)/DatingApp";
			};
			name = Release;
		};
		48CF62E52E0FCB7600462155 /* Debug */ = {
			isa = XCBuildConfiguration;
			buildSettings = {
				CODE_SIGN_STYLE = Automatic;
				CURRENT_PROJECT_VERSION = 1;
				GENERATE_INFOPLIST_FILE = YES;
				MARKETING_VERSION = 1.0;
				PRODUCT_BUNDLE_IDENTIFIER = com.aditya.DatingAppUITests;
				PRODUCT_NAME = "$(TARGET_NAME)";
				SWIFT_EMIT_LOC_STRINGS = NO;
				SWIFT_VERSION = 5.0;
				TARGETED_DEVICE_FAMILY = "1,2";
				TEST_TARGET_NAME = DatingApp;
			};
			name = Debug;
		};
		48CF62E62E0FCB7600462155 /* Release */ = {
			isa = XCBuildConfiguration;
			buildSettings = {
				CODE_SIGN_STYLE = Automatic;
				CURRENT_PROJECT_VERSION = 1;
				GENERATE_INFOPLIST_FILE = YES;
				MARKETING_VERSION = 1.0;
				PRODUCT_BUNDLE_IDENTIFIER = com.aditya.DatingAppUITests;
				PRODUCT_NAME = "$(TARGET_NAME)";
				SWIFT_EMIT_LOC_STRINGS = NO;
				SWIFT_VERSION = 5.0;
				TARGETED_DEVICE_FAMILY = "1,2";
				TEST_TARGET_NAME = DatingApp;
			};
			name = Release;
		};
/* End XCBuildConfiguration section */

/* Begin XCConfigurationList section */
		48CF62B52E0FCB7500462155 /* Build configuration list for PBXProject "DatingApp" */ = {
			isa = XCConfigurationList;
			buildConfigurations = (
				48CF62DC2E0FCB7600462155 /* Debug */,
				48CF62DD2E0FCB7600462155 /* Release */,
			);
			defaultConfigurationIsVisible = 0;
			defaultConfigurationName = Release;
		};
		48CF62DE2E0FCB7600462155 /* Build configuration list for PBXNativeTarget "DatingApp" */ = {
			isa = XCConfigurationList;
			buildConfigurations = (
				48CF62DF2E0FCB7600462155 /* Debug */,
				48CF62E02E0FCB7600462155 /* Release */,
			);
			defaultConfigurationIsVisible = 0;
			defaultConfigurationName = Release;
		};
		48CF62E12E0FCB7600462155 /* Build configuration list for PBXNativeTarget "DatingAppTests" */ = {
			isa = XCConfigurationList;
			buildConfigurations = (
				48CF62E22E0FCB7600462155 /* Debug */,
				48CF62E32E0FCB7600462155 /* Release */,
			);
			defaultConfigurationIsVisible = 0;
			defaultConfigurationName = Release;
		};
		48CF62E42E0FCB7600462155 /* Build configuration list for PBXNativeTarget "DatingAppUITests" */ = {
			isa = XCConfigurationList;
			buildConfigurations = (
				48CF62E52E0FCB7600462155 /* Debug */,
				48CF62E62E0FCB7600462155 /* Release */,
			);
			defaultConfigurationIsVisible = 0;
			defaultConfigurationName = Release;
		};
/* End XCConfigurationList section */

/* Begin XCRemoteSwiftPackageReference section */
		48CF62E92E0FCBE200462155 /* XCRemoteSwiftPackageReference "firebase-ios-sdk" */ = {
			isa = XCRemoteSwiftPackageReference;
			repositoryURL = "https://github.com/firebase/firebase-ios-sdk.git";
			requirement = {
				kind = upToNextMajorVersion;
				minimumVersion = 11.15.0;
			};
		};
/* End XCRemoteSwiftPackageReference section */

/* Begin XCSwiftPackageProductDependency section */
		48CF62EA2E0FCC0200462155 /* FirebaseAuth */ = {
			isa = XCSwiftPackageProductDependency;
			package = 48CF62E92E0FCBE200462155 /* XCRemoteSwiftPackageReference "firebase-ios-sdk" */;
			productName = FirebaseAuth;
		};
		48CF62EC2E0FCC0200462155 /* FirebaseCore */ = {
			isa = XCSwiftPackageProductDependency;
			package = 48CF62E92E0FCBE200462155 /* XCRemoteSwiftPackageReference "firebase-ios-sdk" */;
			productName = FirebaseCore;
		};
		48CF62EE2E0FCC0200462155 /* FirebaseDatabase */ = {
			isa = XCSwiftPackageProductDependency;
			package = 48CF62E92E0FCBE200462155 /* XCRemoteSwiftPackageReference "firebase-ios-sdk" */;
			productName = FirebaseDatabase;
		};
		48CF62F02E0FCC0200462155 /* FirebaseFirestore */ = {
			isa = XCSwiftPackageProductDependency;
			package = 48CF62E92E0FCBE200462155 /* XCRemoteSwiftPackageReference "firebase-ios-sdk" */;
			productName = FirebaseFirestore;
		};
		48CF62F22E0FCC0200462155 /* FirebaseStorage */ = {
			isa = XCSwiftPackageProductDependency;
			package = 48CF62E92E0FCBE200462155 /* XCRemoteSwiftPackageReference "firebase-ios-sdk" */;
			productName = FirebaseStorage;
		};
/* End XCSwiftPackageProductDependency section */
	};
	rootObject = 48CF62B22E0FCB7500462155 /* Project object */;
}
